# This file is generated by running "yarn install" inside your project.
# Manual changes might be lost - proceed with caution!

__metadata:
  version: 4
  cacheKey: 8

"prettier@npm:^2.4.1":
  version: 2.4.1
  resolution: "prettier@npm:2.4.1"
  bin:
    prettier: bin-prettier.js
  checksum: cc6830588b401b0d742862fe9c46bc9118204fb307c3abe0e49e95b35ed23629573807ffdf9cdd65289c252a0bb51fc0171437f6626ee36378dea80f0ee80b91
  languageName: node
  linkType: hard

"root-workspace-0b6124@workspace:.":
  version: 0.0.0-use.local
  resolution: "root-workspace-0b6124@workspace:."
  dependencies:
    prettier: ^2.4.1
    typescript: ^4.4.3
  languageName: unknown
  linkType: soft

typescript@^4.4.3:
  version: 4.4.3
  resolution: "typescript@npm:4.4.3"
  bin:
    tsc: bin/tsc
    tsserver: bin/tsserver
  checksum: 05823f21796d450531a7e4ab299715d38fd9ded0e4ce7400876053f4b5166ca3dde7a68cecfe72d9086039f03c0b6edba36516fb10ed83c5837d9600532ea4c2
  languageName: node
  linkType: hard

"typescript@patch:typescript@^4.4.3#~builtin<compat/typescript>":
  version: 4.4.3
  resolution: "typescript@patch:typescript@npm%3A4.4.3#~builtin<compat/typescript>::version=4.4.3&hash=32657b"
  bin:
    tsc: bin/tsc
    tsserver: bin/tsserver
  checksum: 28ab98313afab46788ff41014fdb5932430ada6e03cf9e92ac47f406526a2cac1ae2894834e7da61e46b7429318e9c47f45ba8de323332f0cb9af99b72ebae74
  languageName: node
  linkType: hard
